
Microsoft Visual Studio Solution File, Format Version 12.00
# Visual Studio Version 16
VisualStudioVersion = 16.0.31112.23
MinimumVisualStudioVersion = 10.0.40219.1
Project("{9A19103F-16F7-4668-BE54-9A1E7A4F7556}") = "GraphTutorial", "GraphTutorial.csproj", "{0C13A0BB-BCC6-4516-AE54-55B5589D77F2}"
EndProject
Global
	GlobalSection(SolutionConfigurationPlatforms) = preSolution
		Debug|Any CPU = Debug|Any CPU
		Release|Any CPU = Release|Any CPU
	EndGlobalSection
	GlobalSection(ProjectConfigurationPlatforms) = postSolution
		{0C13A0BB-BCC6-4516-AE54-55B5589D77F2}.Debug|Any CPU.ActiveCfg = Debug|Any CPU
		{0C13A0BB-BCC6-4516-AE54-55B5589D77F2}.Debug|Any CPU.Build.0 = Debug|Any CPU
		{0C13A0BB-BCC6-4516-AE54-55B5589D77F2}.Release|Any CPU.ActiveCfg = Release|Any CPU
		{0C13A0BB-BCC6-4516-AE54-55B5589D77F2}.Release|Any CPU.Build.0 = Release|Any CPU
	EndGlobalSection
	GlobalSection(SolutionProperties) = preSolution
		HideSolutionNode = FALSE
	EndGlobalSection
	GlobalSection(ExtensibilityGlobals) = postSolution
		SolutionGuid = {143C6AF8-BBCC-4A20-A78A-8203BB7E026E}
	EndGlobalSection
EndGlobal
